
Microsoft Visual Studio Solution File, Format Version 12.00
# Visual Studio Version 17
VisualStudioVersion = 17.3.32819.101
MinimumVisualStudioVersion = 10.0.40219.1
Project("{FAE04EC0-301F-11D3-BF4B-00C04F79EFBC}") = "ElectronicsShop", "ElectronicsShop\ElectronicsShop.csproj", "{D27DEC18-73A3-42A6-9C40-9A58351005DF}"
EndProject
Global
	GlobalSection(SolutionConfigurationPlatforms) = preSolution
		Debug|Any CPU = Debug|Any CPU
		Release|Any CPU = Release|Any CPU
	EndGlobalSection
	GlobalSection(ProjectConfigurationPlatforms) = postSolution
		{D27DEC18-73A3-42A6-9C40-9A58351005DF}.Debug|Any CPU.ActiveCfg = Debug|Any CPU
		{D27DEC18-73A3-42A6-9C40-9A58351005DF}.Debug|Any CPU.Build.0 = Debug|Any CPU
		{D27DEC18-73A3-42A6-9C40-9A58351005DF}.Release|Any CPU.ActiveCfg = Release|Any CPU
		{D27DEC18-73A3-42A6-9C40-9A58351005DF}.Release|Any CPU.Build.0 = Release|Any CPU
	EndGlobalSection
	GlobalSection(SolutionProperties) = preSolution
		HideSolutionNode = FALSE
	EndGlobalSection
	GlobalSection(ExtensibilityGlobals) = postSolution
		SolutionGuid = {77A1F65D-66AF-4D74-8DA7-2AB1A84A842F}
	EndGlobalSection
EndGlobal
