
Microsoft Visual Studio Solution File, Format Version 12.00
# Visual Studio Version 17
VisualStudioVersion = 17.3.32819.101
MinimumVisualStudioVersion = 10.0.40219.1
Project("{FAE04EC0-301F-11D3-BF4B-00C04F79EFBC}") = "DayOfTheProgrammer", "DayOfTheProgrammer.csproj", "{54BEB979-52C0-427C-8826-3A6E2FACD98D}"
EndProject
Global
	GlobalSection(SolutionConfigurationPlatforms) = preSolution
		Debug|Any CPU = Debug|Any CPU
		Release|Any CPU = Release|Any CPU
	EndGlobalSection
	GlobalSection(ProjectConfigurationPlatforms) = postSolution
		{54BEB979-52C0-427C-8826-3A6E2FACD98D}.Debug|Any CPU.ActiveCfg = Debug|Any CPU
		{54BEB979-52C0-427C-8826-3A6E2FACD98D}.Debug|Any CPU.Build.0 = Debug|Any CPU
		{54BEB979-52C0-427C-8826-3A6E2FACD98D}.Release|Any CPU.ActiveCfg = Release|Any CPU
		{54BEB979-52C0-427C-8826-3A6E2FACD98D}.Release|Any CPU.Build.0 = Release|Any CPU
	EndGlobalSection
	GlobalSection(SolutionProperties) = preSolution
		HideSolutionNode = FALSE
	EndGlobalSection
	GlobalSection(ExtensibilityGlobals) = postSolution
		SolutionGuid = {09575781-4DD3-46D3-9A90-0E7DF6828F7C}
	EndGlobalSection
EndGlobal
