
Microsoft Visual Studio Solution File, Format Version 12.00
# Visual Studio Version 17
VisualStudioVersion = 17.3.32819.101
MinimumVisualStudioVersion = 10.0.40219.1
Project("{FAE04EC0-301F-11D3-BF4B-00C04F79EFBC}") = "LonelyInteger", "LonelyInteger\LonelyInteger.csproj", "{278EDA57-FD30-4CFA-8FDB-1E30828C20E8}"
EndProject
Global
	GlobalSection(SolutionConfigurationPlatforms) = preSolution
		Debug|Any CPU = Debug|Any CPU
		Release|Any CPU = Release|Any CPU
	EndGlobalSection
	GlobalSection(ProjectConfigurationPlatforms) = postSolution
		{278EDA57-FD30-4CFA-8FDB-1E30828C20E8}.Debug|Any CPU.ActiveCfg = Debug|Any CPU
		{278EDA57-FD30-4CFA-8FDB-1E30828C20E8}.Debug|Any CPU.Build.0 = Debug|Any CPU
		{278EDA57-FD30-4CFA-8FDB-1E30828C20E8}.Release|Any CPU.ActiveCfg = Release|Any CPU
		{278EDA57-FD30-4CFA-8FDB-1E30828C20E8}.Release|Any CPU.Build.0 = Release|Any CPU
	EndGlobalSection
	GlobalSection(SolutionProperties) = preSolution
		HideSolutionNode = FALSE
	EndGlobalSection
	GlobalSection(ExtensibilityGlobals) = postSolution
		SolutionGuid = {317DBD7F-496C-464F-9523-EE41CE33C53B}
	EndGlobalSection
EndGlobal
