
Microsoft Visual Studio Solution File, Format Version 12.00
# Visual Studio Version 17
VisualStudioVersion = 17.3.32819.101
MinimumVisualStudioVersion = 10.0.40219.1
Project("{FAE04EC0-301F-11D3-BF4B-00C04F79EFBC}") = "The Birthday Bar", "The Birthday Bar.csproj", "{679B3B69-804B-47B8-8B59-E2064F083EF3}"
EndProject
Global
	GlobalSection(SolutionConfigurationPlatforms) = preSolution
		Debug|Any CPU = Debug|Any CPU
		Release|Any CPU = Release|Any CPU
	EndGlobalSection
	GlobalSection(ProjectConfigurationPlatforms) = postSolution
		{679B3B69-804B-47B8-8B59-E2064F083EF3}.Debug|Any CPU.ActiveCfg = Debug|Any CPU
		{679B3B69-804B-47B8-8B59-E2064F083EF3}.Debug|Any CPU.Build.0 = Debug|Any CPU
		{679B3B69-804B-47B8-8B59-E2064F083EF3}.Release|Any CPU.ActiveCfg = Release|Any CPU
		{679B3B69-804B-47B8-8B59-E2064F083EF3}.Release|Any CPU.Build.0 = Release|Any CPU
	EndGlobalSection
	GlobalSection(SolutionProperties) = preSolution
		HideSolutionNode = FALSE
	EndGlobalSection
	GlobalSection(ExtensibilityGlobals) = postSolution
		SolutionGuid = {CB169B33-DC41-4C7B-8126-7F14298526ED}
	EndGlobalSection
EndGlobal
