
Microsoft Visual Studio Solution File, Format Version 12.00
# Visual Studio Version 17
VisualStudioVersion = 17.3.32819.101
MinimumVisualStudioVersion = 10.0.40219.1
Project("{FAE04EC0-301F-11D3-BF4B-00C04F79EFBC}") = "ExtraLongFactorials", "ExtraLongFactorials\ExtraLongFactorials.csproj", "{167CCC89-AC1F-4988-9765-743FA9EA55B6}"
EndProject
Global
	GlobalSection(SolutionConfigurationPlatforms) = preSolution
		Debug|Any CPU = Debug|Any CPU
		Release|Any CPU = Release|Any CPU
	EndGlobalSection
	GlobalSection(ProjectConfigurationPlatforms) = postSolution
		{167CCC89-AC1F-4988-9765-743FA9EA55B6}.Debug|Any CPU.ActiveCfg = Debug|Any CPU
		{167CCC89-AC1F-4988-9765-743FA9EA55B6}.Debug|Any CPU.Build.0 = Debug|Any CPU
		{167CCC89-AC1F-4988-9765-743FA9EA55B6}.Release|Any CPU.ActiveCfg = Release|Any CPU
		{167CCC89-AC1F-4988-9765-743FA9EA55B6}.Release|Any CPU.Build.0 = Release|Any CPU
	EndGlobalSection
	GlobalSection(SolutionProperties) = preSolution
		HideSolutionNode = FALSE
	EndGlobalSection
	GlobalSection(ExtensibilityGlobals) = postSolution
		SolutionGuid = {78738C6C-4577-40C6-AE18-99AEF9D5E2F2}
	EndGlobalSection
EndGlobal
