
Microsoft Visual Studio Solution File, Format Version 12.00
# Visual Studio Version 17
VisualStudioVersion = 17.3.32819.101
MinimumVisualStudioVersion = 10.0.40219.1
Project("{FAE04EC0-301F-11D3-BF4B-00C04F79EFBC}") = "SaveThePrisoner", "SaveThePrisoner\SaveThePrisoner.csproj", "{36E8C12B-77D7-4519-B074-64F84BFE126D}"
EndProject
Global
	GlobalSection(SolutionConfigurationPlatforms) = preSolution
		Debug|Any CPU = Debug|Any CPU
		Release|Any CPU = Release|Any CPU
	EndGlobalSection
	GlobalSection(ProjectConfigurationPlatforms) = postSolution
		{36E8C12B-77D7-4519-B074-64F84BFE126D}.Debug|Any CPU.ActiveCfg = Debug|Any CPU
		{36E8C12B-77D7-4519-B074-64F84BFE126D}.Debug|Any CPU.Build.0 = Debug|Any CPU
		{36E8C12B-77D7-4519-B074-64F84BFE126D}.Release|Any CPU.ActiveCfg = Release|Any CPU
		{36E8C12B-77D7-4519-B074-64F84BFE126D}.Release|Any CPU.Build.0 = Release|Any CPU
	EndGlobalSection
	GlobalSection(SolutionProperties) = preSolution
		HideSolutionNode = FALSE
	EndGlobalSection
	GlobalSection(ExtensibilityGlobals) = postSolution
		SolutionGuid = {D584C9A4-32D5-471B-910D-AC212AF48F95}
	EndGlobalSection
EndGlobal
