
Microsoft Visual Studio Solution File, Format Version 12.00
# Visual Studio Version 17
VisualStudioVersion = 17.3.32819.101
MinimumVisualStudioVersion = 10.0.40219.1
Project("{FAE04EC0-301F-11D3-BF4B-00C04F79EFBC}") = "DesignerPDFViewer", "DesignerPDFViewer\DesignerPDFViewer.csproj", "{0F0335E7-167C-435A-9116-2078CD0D2F33}"
EndProject
Global
	GlobalSection(SolutionConfigurationPlatforms) = preSolution
		Debug|Any CPU = Debug|Any CPU
		Release|Any CPU = Release|Any CPU
	EndGlobalSection
	GlobalSection(ProjectConfigurationPlatforms) = postSolution
		{0F0335E7-167C-435A-9116-2078CD0D2F33}.Debug|Any CPU.ActiveCfg = Debug|Any CPU
		{0F0335E7-167C-435A-9116-2078CD0D2F33}.Debug|Any CPU.Build.0 = Debug|Any CPU
		{0F0335E7-167C-435A-9116-2078CD0D2F33}.Release|Any CPU.ActiveCfg = Release|Any CPU
		{0F0335E7-167C-435A-9116-2078CD0D2F33}.Release|Any CPU.Build.0 = Release|Any CPU
	EndGlobalSection
	GlobalSection(SolutionProperties) = preSolution
		HideSolutionNode = FALSE
	EndGlobalSection
	GlobalSection(ExtensibilityGlobals) = postSolution
		SolutionGuid = {4AFCC4D0-6B74-4038-9B70-3EF0D7DA277D}
	EndGlobalSection
EndGlobal
