
Microsoft Visual Studio Solution File, Format Version 12.00
# Visual Studio Version 17
VisualStudioVersion = 17.3.32819.101
MinimumVisualStudioVersion = 10.0.40219.1
Project("{FAE04EC0-301F-11D3-BF4B-00C04F79EFBC}") = "NumberLineJump", "NumberLineJump.csproj", "{DE6AD461-A0BD-4B8F-9C85-9943B7F68558}"
EndProject
Global
	GlobalSection(SolutionConfigurationPlatforms) = preSolution
		Debug|Any CPU = Debug|Any CPU
		Release|Any CPU = Release|Any CPU
	EndGlobalSection
	GlobalSection(ProjectConfigurationPlatforms) = postSolution
		{DE6AD461-A0BD-4B8F-9C85-9943B7F68558}.Debug|Any CPU.ActiveCfg = Debug|Any CPU
		{DE6AD461-A0BD-4B8F-9C85-9943B7F68558}.Debug|Any CPU.Build.0 = Debug|Any CPU
		{DE6AD461-A0BD-4B8F-9C85-9943B7F68558}.Release|Any CPU.ActiveCfg = Release|Any CPU
		{DE6AD461-A0BD-4B8F-9C85-9943B7F68558}.Release|Any CPU.Build.0 = Release|Any CPU
	EndGlobalSection
	GlobalSection(SolutionProperties) = preSolution
		HideSolutionNode = FALSE
	EndGlobalSection
	GlobalSection(ExtensibilityGlobals) = postSolution
		SolutionGuid = {986965D8-C79B-4580-954C-351559D07F5B}
	EndGlobalSection
EndGlobal
