
Microsoft Visual Studio Solution File, Format Version 12.00
# Visual Studio Version 17
VisualStudioVersion = 17.5.33516.290
MinimumVisualStudioVersion = 10.0.40219.1
Project("{FAE04EC0-301F-11D3-BF4B-00C04F79EFBC}") = "LibraryFine", "LibraryFine.csproj", "{CEF47D78-0862-414C-807E-01C475214AC3}"
EndProject
Global
	GlobalSection(SolutionConfigurationPlatforms) = preSolution
		Debug|Any CPU = Debug|Any CPU
		Release|Any CPU = Release|Any CPU
	EndGlobalSection
	GlobalSection(ProjectConfigurationPlatforms) = postSolution
		{CEF47D78-0862-414C-807E-01C475214AC3}.Debug|Any CPU.ActiveCfg = Debug|Any CPU
		{CEF47D78-0862-414C-807E-01C475214AC3}.Debug|Any CPU.Build.0 = Debug|Any CPU
		{CEF47D78-0862-414C-807E-01C475214AC3}.Release|Any CPU.ActiveCfg = Release|Any CPU
		{CEF47D78-0862-414C-807E-01C475214AC3}.Release|Any CPU.Build.0 = Release|Any CPU
	EndGlobalSection
	GlobalSection(SolutionProperties) = preSolution
		HideSolutionNode = FALSE
	EndGlobalSection
	GlobalSection(ExtensibilityGlobals) = postSolution
		SolutionGuid = {16A013AA-8ACE-47AA-89DE-387CF3DC47EC}
	EndGlobalSection
EndGlobal
