
Microsoft Visual Studio Solution File, Format Version 12.00
# Visual Studio Version 17
VisualStudioVersion = 17.3.32819.101
MinimumVisualStudioVersion = 10.0.40219.1
Project("{FAE04EC0-301F-11D3-BF4B-00C04F79EFBC}") = "DivisibleSumPairs", "DivisibleSumPairs.csproj", "{5B4AF60E-4286-40D4-9FB6-9A1E3D7A7FED}"
EndProject
Global
	GlobalSection(SolutionConfigurationPlatforms) = preSolution
		Debug|Any CPU = Debug|Any CPU
		Release|Any CPU = Release|Any CPU
	EndGlobalSection
	GlobalSection(ProjectConfigurationPlatforms) = postSolution
		{5B4AF60E-4286-40D4-9FB6-9A1E3D7A7FED}.Debug|Any CPU.ActiveCfg = Debug|Any CPU
		{5B4AF60E-4286-40D4-9FB6-9A1E3D7A7FED}.Debug|Any CPU.Build.0 = Debug|Any CPU
		{5B4AF60E-4286-40D4-9FB6-9A1E3D7A7FED}.Release|Any CPU.ActiveCfg = Release|Any CPU
		{5B4AF60E-4286-40D4-9FB6-9A1E3D7A7FED}.Release|Any CPU.Build.0 = Release|Any CPU
	EndGlobalSection
	GlobalSection(SolutionProperties) = preSolution
		HideSolutionNode = FALSE
	EndGlobalSection
	GlobalSection(ExtensibilityGlobals) = postSolution
		SolutionGuid = {38E0A1BA-A20C-41E8-8F5C-8998FED0459C}
	EndGlobalSection
EndGlobal
