
Microsoft Visual Studio Solution File, Format Version 12.00
# Visual Studio Version 17
VisualStudioVersion = 17.3.32819.101
MinimumVisualStudioVersion = 10.0.40219.1
Project("{FAE04EC0-301F-11D3-BF4B-00C04F79EFBC}") = "UtopianTree", "UtopianTree\UtopianTree.csproj", "{1093B14E-1841-4326-99B5-8149A6701318}"
EndProject
Global
	GlobalSection(SolutionConfigurationPlatforms) = preSolution
		Debug|Any CPU = Debug|Any CPU
		Release|Any CPU = Release|Any CPU
	EndGlobalSection
	GlobalSection(ProjectConfigurationPlatforms) = postSolution
		{1093B14E-1841-4326-99B5-8149A6701318}.Debug|Any CPU.ActiveCfg = Debug|Any CPU
		{1093B14E-1841-4326-99B5-8149A6701318}.Debug|Any CPU.Build.0 = Debug|Any CPU
		{1093B14E-1841-4326-99B5-8149A6701318}.Release|Any CPU.ActiveCfg = Release|Any CPU
		{1093B14E-1841-4326-99B5-8149A6701318}.Release|Any CPU.Build.0 = Release|Any CPU
	EndGlobalSection
	GlobalSection(SolutionProperties) = preSolution
		HideSolutionNode = FALSE
	EndGlobalSection
	GlobalSection(ExtensibilityGlobals) = postSolution
		SolutionGuid = {485F87FE-A818-498C-8E94-D775A5A1229D}
	EndGlobalSection
EndGlobal
