
Microsoft Visual Studio Solution File, Format Version 12.00
# Visual Studio Version 17
VisualStudioVersion = 17.3.32819.101
MinimumVisualStudioVersion = 10.0.40219.1
Project("{FAE04EC0-301F-11D3-BF4B-00C04F79EFBC}") = "SalesByMatch", "SalesByMatch\SalesByMatch.csproj", "{6320380E-7E93-4B5A-BCB4-CAE1225795D1}"
EndProject
Global
	GlobalSection(SolutionConfigurationPlatforms) = preSolution
		Debug|Any CPU = Debug|Any CPU
		Release|Any CPU = Release|Any CPU
	EndGlobalSection
	GlobalSection(ProjectConfigurationPlatforms) = postSolution
		{6320380E-7E93-4B5A-BCB4-CAE1225795D1}.Debug|Any CPU.ActiveCfg = Debug|Any CPU
		{6320380E-7E93-4B5A-BCB4-CAE1225795D1}.Debug|Any CPU.Build.0 = Debug|Any CPU
		{6320380E-7E93-4B5A-BCB4-CAE1225795D1}.Release|Any CPU.ActiveCfg = Release|Any CPU
		{6320380E-7E93-4B5A-BCB4-CAE1225795D1}.Release|Any CPU.Build.0 = Release|Any CPU
	EndGlobalSection
	GlobalSection(SolutionProperties) = preSolution
		HideSolutionNode = FALSE
	EndGlobalSection
	GlobalSection(ExtensibilityGlobals) = postSolution
		SolutionGuid = {7B5E08F5-8D3D-4A42-8C5F-2031524187EC}
	EndGlobalSection
EndGlobal
