
Microsoft Visual Studio Solution File, Format Version 12.00
# Visual Studio Version 17
VisualStudioVersion = 17.3.32819.101
MinimumVisualStudioVersion = 10.0.40219.1
Project("{FAE04EC0-301F-11D3-BF4B-00C04F79EFBC}") = "PlusMinus", "PlusMinus.csproj", "{AC8E496E-E784-4BD3-B0C2-BEE4B4D38838}"
EndProject
Global
	GlobalSection(SolutionConfigurationPlatforms) = preSolution
		Debug|Any CPU = Debug|Any CPU
		Release|Any CPU = Release|Any CPU
	EndGlobalSection
	GlobalSection(ProjectConfigurationPlatforms) = postSolution
		{AC8E496E-E784-4BD3-B0C2-BEE4B4D38838}.Debug|Any CPU.ActiveCfg = Debug|Any CPU
		{AC8E496E-E784-4BD3-B0C2-BEE4B4D38838}.Debug|Any CPU.Build.0 = Debug|Any CPU
		{AC8E496E-E784-4BD3-B0C2-BEE4B4D38838}.Release|Any CPU.ActiveCfg = Release|Any CPU
		{AC8E496E-E784-4BD3-B0C2-BEE4B4D38838}.Release|Any CPU.Build.0 = Release|Any CPU
	EndGlobalSection
	GlobalSection(SolutionProperties) = preSolution
		HideSolutionNode = FALSE
	EndGlobalSection
	GlobalSection(ExtensibilityGlobals) = postSolution
		SolutionGuid = {90500E4B-5CAD-4DB3-B079-6B9D2C8EF993}
	EndGlobalSection
EndGlobal
