
Microsoft Visual Studio Solution File, Format Version 12.00
# Visual Studio Version 17
VisualStudioVersion = 17.3.32819.101
MinimumVisualStudioVersion = 10.0.40219.1
Project("{FAE04EC0-301F-11D3-BF4B-00C04F79EFBC}") = "SequenceEquation", "SequenceEquation\SequenceEquation.csproj", "{47A4851F-B56C-4E70-A77F-FAD9D0FC699F}"
EndProject
Global
	GlobalSection(SolutionConfigurationPlatforms) = preSolution
		Debug|Any CPU = Debug|Any CPU
		Release|Any CPU = Release|Any CPU
	EndGlobalSection
	GlobalSection(ProjectConfigurationPlatforms) = postSolution
		{47A4851F-B56C-4E70-A77F-FAD9D0FC699F}.Debug|Any CPU.ActiveCfg = Debug|Any CPU
		{47A4851F-B56C-4E70-A77F-FAD9D0FC699F}.Debug|Any CPU.Build.0 = Debug|Any CPU
		{47A4851F-B56C-4E70-A77F-FAD9D0FC699F}.Release|Any CPU.ActiveCfg = Release|Any CPU
		{47A4851F-B56C-4E70-A77F-FAD9D0FC699F}.Release|Any CPU.Build.0 = Release|Any CPU
	EndGlobalSection
	GlobalSection(SolutionProperties) = preSolution
		HideSolutionNode = FALSE
	EndGlobalSection
	GlobalSection(ExtensibilityGlobals) = postSolution
		SolutionGuid = {C7BAF17B-9739-47EF-AA8F-C19CF1A9E52D}
	EndGlobalSection
EndGlobal
